
Microsoft Visual Studio Solution File, Format Version 12.00
# Visual Studio 14
VisualStudioVersion = 14.0.25420.1
MinimumVisualStudioVersion = 10.0.40219.1
Project("{FAE04EC0-301F-11D3-BF4B-00C04F79EFBC}") = "IntegerList", "IntegerList\IntegerList.csproj", "{889C3D14-7848-4AEA-B5A1-3F1A2D3EE344}"
EndProject
Project("{FAE04EC0-301F-11D3-BF4B-00C04F79EFBC}") = "GenericList", "GenericList\GenericList.csproj", "{F768452F-482F-4B0F-9D43-34E46D7BE595}"
EndProject
Global
	GlobalSection(SolutionConfigurationPlatforms) = preSolution
		Debug|Any CPU = Debug|Any CPU
		Release|Any CPU = Release|Any CPU
	EndGlobalSection
	GlobalSection(ProjectConfigurationPlatforms) = postSolution
		{889C3D14-7848-4AEA-B5A1-3F1A2D3EE344}.Debug|Any CPU.ActiveCfg = Debug|Any CPU
		{889C3D14-7848-4AEA-B5A1-3F1A2D3EE344}.Debug|Any CPU.Build.0 = Debug|Any CPU
		{889C3D14-7848-4AEA-B5A1-3F1A2D3EE344}.Release|Any CPU.ActiveCfg = Release|Any CPU
		{889C3D14-7848-4AEA-B5A1-3F1A2D3EE344}.Release|Any CPU.Build.0 = Release|Any CPU
		{F768452F-482F-4B0F-9D43-34E46D7BE595}.Debug|Any CPU.ActiveCfg = Debug|Any CPU
		{F768452F-482F-4B0F-9D43-34E46D7BE595}.Debug|Any CPU.Build.0 = Debug|Any CPU
		{F768452F-482F-4B0F-9D43-34E46D7BE595}.Release|Any CPU.ActiveCfg = Release|Any CPU
		{F768452F-482F-4B0F-9D43-34E46D7BE595}.Release|Any CPU.Build.0 = Release|Any CPU
	EndGlobalSection
	GlobalSection(SolutionProperties) = preSolution
		HideSolutionNode = FALSE
	EndGlobalSection
EndGlobal
